
Microsoft Visual Studio Solution File, Format Version 12.00
# Visual Studio Version 17
VisualStudioVersion = 17.4.33205.214
MinimumVisualStudioVersion = 10.0.40219.1
Project("{9A19103F-16F7-4668-BE54-9A1E7A4F7556}") = "Agenda.UIDesktop", "Agenda.UIDesktop\Agenda.UIDesktop.csproj", "{523814BC-BCFD-43DE-B613-F497C4F8E185}"
EndProject
Project("{FAE04EC0-301F-11D3-BF4B-00C04F79EFBC}") = "Agenda.DAL", "Agenda.DAL\Agenda.DAL.csproj", "{7995ACBE-97E9-4B7D-BCA9-B5A08B2FCE21}"
EndProject
Project("{FAE04EC0-301F-11D3-BF4B-00C04F79EFBC}") = "Agenda.DAL.Test", "Agenda.DAL.Test\Agenda.DAL.Test.csproj", "{7F47E987-6091-4314-94B6-263E041632F7}"
EndProject
Project("{FAE04EC0-301F-11D3-BF4B-00C04F79EFBC}") = "Agenda.Domain", "Agenda.Domain\Agenda.Domain.csproj", "{48AA53E8-A066-4656-A15D-DA55D3D83AE4}"
EndProject
Project("{FAE04EC0-301F-11D3-BF4B-00C04F79EFBC}") = "Agenda.Repos", "Agenda.Repos\Agenda.Repos.csproj", "{5033479C-78FD-4D4A-9CDA-9D26A8A17286}"
EndProject
Project("{FAE04EC0-301F-11D3-BF4B-00C04F79EFBC}") = "Agenda.Repos.Test", "Agenda.Repos.Test\Agenda.Repos.Test.csproj", "{457A7661-B0E6-49E4-9543-D8F76211DF06}"
EndProject
Global
	GlobalSection(SolutionConfigurationPlatforms) = preSolution
		Debug|Any CPU = Debug|Any CPU
		Release|Any CPU = Release|Any CPU
	EndGlobalSection
	GlobalSection(ProjectConfigurationPlatforms) = postSolution
		{523814BC-BCFD-43DE-B613-F497C4F8E185}.Debug|Any CPU.ActiveCfg = Debug|Any CPU
		{523814BC-BCFD-43DE-B613-F497C4F8E185}.Debug|Any CPU.Build.0 = Debug|Any CPU
		{523814BC-BCFD-43DE-B613-F497C4F8E185}.Release|Any CPU.ActiveCfg = Release|Any CPU
		{523814BC-BCFD-43DE-B613-F497C4F8E185}.Release|Any CPU.Build.0 = Release|Any CPU
		{7995ACBE-97E9-4B7D-BCA9-B5A08B2FCE21}.Debug|Any CPU.ActiveCfg = Debug|Any CPU
		{7995ACBE-97E9-4B7D-BCA9-B5A08B2FCE21}.Debug|Any CPU.Build.0 = Debug|Any CPU
		{7995ACBE-97E9-4B7D-BCA9-B5A08B2FCE21}.Release|Any CPU.ActiveCfg = Release|Any CPU
		{7995ACBE-97E9-4B7D-BCA9-B5A08B2FCE21}.Release|Any CPU.Build.0 = Release|Any CPU
		{7F47E987-6091-4314-94B6-263E041632F7}.Debug|Any CPU.ActiveCfg = Debug|Any CPU
		{7F47E987-6091-4314-94B6-263E041632F7}.Debug|Any CPU.Build.0 = Debug|Any CPU
		{7F47E987-6091-4314-94B6-263E041632F7}.Release|Any CPU.ActiveCfg = Release|Any CPU
		{7F47E987-6091-4314-94B6-263E041632F7}.Release|Any CPU.Build.0 = Release|Any CPU
		{48AA53E8-A066-4656-A15D-DA55D3D83AE4}.Debug|Any CPU.ActiveCfg = Debug|Any CPU
		{48AA53E8-A066-4656-A15D-DA55D3D83AE4}.Debug|Any CPU.Build.0 = Debug|Any CPU
		{48AA53E8-A066-4656-A15D-DA55D3D83AE4}.Release|Any CPU.ActiveCfg = Release|Any CPU
		{48AA53E8-A066-4656-A15D-DA55D3D83AE4}.Release|Any CPU.Build.0 = Release|Any CPU
		{5033479C-78FD-4D4A-9CDA-9D26A8A17286}.Debug|Any CPU.ActiveCfg = Debug|Any CPU
		{5033479C-78FD-4D4A-9CDA-9D26A8A17286}.Debug|Any CPU.Build.0 = Debug|Any CPU
		{5033479C-78FD-4D4A-9CDA-9D26A8A17286}.Release|Any CPU.ActiveCfg = Release|Any CPU
		{5033479C-78FD-4D4A-9CDA-9D26A8A17286}.Release|Any CPU.Build.0 = Release|Any CPU
		{457A7661-B0E6-49E4-9543-D8F76211DF06}.Debug|Any CPU.ActiveCfg = Debug|Any CPU
		{457A7661-B0E6-49E4-9543-D8F76211DF06}.Debug|Any CPU.Build.0 = Debug|Any CPU
		{457A7661-B0E6-49E4-9543-D8F76211DF06}.Release|Any CPU.ActiveCfg = Release|Any CPU
		{457A7661-B0E6-49E4-9543-D8F76211DF06}.Release|Any CPU.Build.0 = Release|Any CPU
	EndGlobalSection
	GlobalSection(SolutionProperties) = preSolution
		HideSolutionNode = FALSE
	EndGlobalSection
	GlobalSection(ExtensibilityGlobals) = postSolution
		SolutionGuid = {DA162903-BE20-44FB-8C92-7DA0FE92489B}
	EndGlobalSection
EndGlobal
